# This file is autogenerated, do not edit; changes may be undone by the next 'dep ensure'.


[[projects]]
  digest = "1:90a52b2e006c21d53b90e3e2df4cdd37de3ba7bed05feb037f9a5c218d0781b9"
  name = "github.com/cornelk/hashmap"
  packages = ["."]
  pruneopts = "UT"
  revision = "b893f4923161d485d2151f427c378e09784ec1db"
  version = "v1.0.0"

[[projects]]
  digest = "1:ffe9824d294da03b391f44e1ae8281281b4afc1bdaa9588c9097785e3af10cec"
  name = "github.com/davecgh/go-spew"
  packages = ["spew"]
  pruneopts = "UT"
  revision = "8991bc29aa16c548c550c7ff78260e27b9ab7c73"
  version = "v1.1.1"

[[projects]]
  digest = "1:1e9a0ec4f7e852123fefad9aadd7647eed1e9fd3716118e99a4b3dc463705c82"
  name = "github.com/dchest/siphash"
  packages = ["."]
  pruneopts = "UT"
  revision = "34f201214d993633bb24f418ba11736ab8b55aa7"
  version = "v1.2.1"

[[projects]]
  digest = "1:582b704bebaa06b48c29b0cec224a6058a09c86883aaddabde889cd1a5f73e1b"
  name = "github.com/google/uuid"
  packages = ["."]
  pruneopts = "UT"
  revision = "0cd6bf5da1e1c83f8b45653022c74f71af0538a4"
  version = "v1.1.1"

[[projects]]
  digest = "1:bda4e1c4af4f026e5aad1e40ce1099d6e6e9ad68196bbe049357f509b269f90d"
  name = "github.com/johnnadratowski/golang-neo4j-bolt-driver"
  packages = ["structures/graph"]
  pruneopts = "UT"
  revision = "2387cc1f01254d3a0055e034f5716278a1f420c7"
  version = "v0.1"

[[projects]]
  digest = "1:31e761d97c76151dde79e9d28964a812c46efc5baee4085b86f68f0c654450de"
  name = "github.com/konsorten/go-windows-terminal-sequences"
  packages = ["."]
  pruneopts = "UT"
  revision = "f55edac94c9bbba5d6182a4be46d86a2c9b5b50e"
  version = "v1.0.2"

[[projects]]
  digest = "1:53bc4cd4914cd7cd52139990d5170d6dc99067ae31c56530621b18b35fc30318"
  name = "github.com/mitchellh/mapstructure"
  packages = ["."]
  pruneopts = "UT"
  revision = "3536a929edddb9a5b34bd6861dc4a9647cb459fe"
  version = "v1.1.2"

[[projects]]
  digest = "1:0028cb19b2e4c3112225cd871870f2d9cf49b9b4276531f03438a88e94be86fe"
  name = "github.com/pmezard/go-difflib"
  packages = ["difflib"]
  pruneopts = "UT"
  revision = "792786c7400a136282c1664665ae0a8db921c6c2"
  version = "v1.0.0"

[[projects]]
  digest = "1:04457f9f6f3ffc5fea48e71d62f2ca256637dee0a04d710288e27e05c8b41976"
  name = "github.com/sirupsen/logrus"
  packages = ["."]
  pruneopts = "UT"
  revision = "839c75faf7f98a33d445d181f3018b5c3409a45e"
  version = "v1.4.2"

[[projects]]
  digest = "1:ac83cf90d08b63ad5f7e020ef480d319ae890c208f8524622a2f3136e2686b02"
  name = "github.com/stretchr/objx"
  packages = ["."]
  pruneopts = "UT"
  revision = "477a77ecc69700c7cdeb1fa9e129548e1c1c393c"
  version = "v0.1.1"

[[projects]]
  digest = "1:b762f96c1183763894e8dabbac5f8e8d5821754b6e2686a8c398a174b7a58ff5"
  name = "github.com/stretchr/testify"
  packages = [
    "assert",
    "mock",
    "require",
  ]
  pruneopts = "UT"
  revision = "ffdc059bfe9ce6a4e144ba849dbedead332c6053"
  version = "v1.3.0"

[[projects]]
  branch = "master"
  digest = "1:fdfd985fe7956d77128572032636b5c1b7b58a81acd7089e96923e2f9539c573"
  name = "golang.org/x/sys"
  packages = ["unix"]
  pruneopts = "UT"
  revision = "cbf593c0f2f39034e9104bbf77e2ec7c48c98fc5"

[solve-meta]
  analyzer-name = "dep"
  analyzer-version = 1
  input-imports = [
    "github.com/cornelk/hashmap",
    "github.com/google/uuid",
    "github.com/johnnadratowski/golang-neo4j-bolt-driver/structures/graph",
    "github.com/mitchellh/mapstructure",
    "github.com/sirupsen/logrus",
    "github.com/stretchr/testify/mock",
    "github.com/stretchr/testify/require",
  ]
  solver-name = "gps-cdcl"
  solver-version = 1
