# This file is autogenerated, do not edit; changes may be undone by the next 'dep ensure'.


[[projects]]
  digest = "1:10df833445d1ce15cb3bb4277b9252f3fc5664f4675b40e2236540ccbdd2d1a1"
  name = "github.com/ahl5esoft/golang-underscore"
  packages = ["."]
  pruneopts = "UT"
  revision = "2d8e3d58ac101d8ad2f2ff6ca6defb0809b250af"
  version = "v2.0.0"

[[projects]]
  branch = "master"
  digest = "1:be3bd107094de27145a9a92e9e5e2b3eb03d3d92a5dec68da31b8eba4e4c6ae2"
  name = "github.com/iancoleman/strcase"
  packages = ["."]
  pruneopts = "UT"
  revision = "e506e3ef73653e84c592ba44aab577a46678f68c"

[solve-meta]
  analyzer-name = "dep"
  analyzer-version = 1
  input-imports = [
    "github.com/ahl5esoft/golang-underscore",
    "github.com/iancoleman/strcase",
  ]
  solver-name = "gps-cdcl"
  solver-version = 1
